Microsoft Visual Studio Solution File, Format Version 12.00
# Visual Studio Version 17
VisualStudioVersion = 17.6.33829.357
MinimumVisualStudioVersion = 10.0.40219.1
Project("{9A19103F-16F7-4668-BE54-9A1E7A4F7556}") = "sbx", "sb1\sbx.csproj", "{8AA4A738-BBF0-4144-9A12-499AC7CDFB1F}"
EndProject
Global
	GlobalSection(SolutionConfigurationPlatforms) = preSolution
		Debug|Any CPU = Debug|Any CPU
		Release|Any CPU = Release|Any CPU
	EndGlobalSection
	GlobalSection(ProjectConfigurationPlatforms) = postSolution
		{8AA4A738-BBF0-4144-9A12-499AC7CDFB1F}.Debug|Any CPU.ActiveCfg = Debug|Any CPU
		{8AA4A738-BBF0-4144-9A12-499AC7CDFB1F}.Debug|Any CPU.Build.0 = Debug|Any CPU
		{8AA4A738-BBF0-4144-9A12-499AC7CDFB1F}.Release|Any CPU.ActiveCfg = Release|Any CPU
		{8AA4A738-BBF0-4144-9A12-499AC7CDFB1F}.Release|Any CPU.Build.0 = Release|Any CPU
	EndGlobalSection
	GlobalSection(SolutionProperties) = preSolution
		HideSolutionNode = FALSE
	EndGlobalSection
	GlobalSection(ExtensibilityGlobals) = postSolution
		SolutionGuid = {92BB08F6-8889-43D9-9989-FFD602E6B4AD}
	EndGlobalSection
EndGlobal
